
Microsoft Visual Studio Solution File, Format Version 12.00
# Visual Studio Version 17
VisualStudioVersion = 17.11.35327.3
MinimumVisualStudioVersion = 10.0.40219.1
Project("{FAE04EC0-301F-11D3-BF4B-00C04F79EFBC}") = "Cryption", "Cryption\Cryption.csproj", "{D10E097E-2C1C-4338-BFE7-528DE777CCEE}"
EndProject
Global
	GlobalSection(SolutionConfigurationPlatforms) = preSolution
		Debug|Any CPU = Debug|Any CPU
		Release|Any CPU = Release|Any CPU
	EndGlobalSection
	GlobalSection(ProjectConfigurationPlatforms) = postSolution
		{D10E097E-2C1C-4338-BFE7-528DE777CCEE}.Debug|Any CPU.ActiveCfg = Debug|Any CPU
		{D10E097E-2C1C-4338-BFE7-528DE777CCEE}.Debug|Any CPU.Build.0 = Debug|Any CPU
		{D10E097E-2C1C-4338-BFE7-528DE777CCEE}.Release|Any CPU.ActiveCfg = Release|Any CPU
		{D10E097E-2C1C-4338-BFE7-528DE777CCEE}.Release|Any CPU.Build.0 = Release|Any CPU
	EndGlobalSection
	GlobalSection(SolutionProperties) = preSolution
		HideSolutionNode = FALSE
	EndGlobalSection
	GlobalSection(ExtensibilityGlobals) = postSolution
		SolutionGuid = {7DC01D99-F474-45B4-A9EE-160CDDF76A84}
	EndGlobalSection
EndGlobal
